
Microsoft Visual Studio Solution File, Format Version 12.00
# Visual Studio 14
VisualStudioVersion = 14.0.25420.1
MinimumVisualStudioVersion = 10.0.40219.1
Project("{FAE04EC0-301F-11D3-BF4B-00C04F79EFBC}") = "Dealership1.0", "Dealership1.0\Dealership1.0.csproj", "{31EC2EA4-7C75-4E72-809C-D7EB5B270BA3}"
EndProject
Project("{FAE04EC0-301F-11D3-BF4B-00C04F79EFBC}") = "DielershipLibrary", "DielershipLibrary\DielershipLibrary.csproj", "{5BF249AA-C959-4942-9102-A42D3D316800}"
EndProject
Global
	GlobalSection(SolutionConfigurationPlatforms) = preSolution
		Debug|Any CPU = Debug|Any CPU
		Release|Any CPU = Release|Any CPU
	EndGlobalSection
	GlobalSection(ProjectConfigurationPlatforms) = postSolution
		{31EC2EA4-7C75-4E72-809C-D7EB5B270BA3}.Debug|Any CPU.ActiveCfg = Debug|Any CPU
		{31EC2EA4-7C75-4E72-809C-D7EB5B270BA3}.Debug|Any CPU.Build.0 = Debug|Any CPU
		{31EC2EA4-7C75-4E72-809C-D7EB5B270BA3}.Release|Any CPU.ActiveCfg = Release|Any CPU
		{31EC2EA4-7C75-4E72-809C-D7EB5B270BA3}.Release|Any CPU.Build.0 = Release|Any CPU
		{5BF249AA-C959-4942-9102-A42D3D316800}.Debug|Any CPU.ActiveCfg = Debug|Any CPU
		{5BF249AA-C959-4942-9102-A42D3D316800}.Debug|Any CPU.Build.0 = Debug|Any CPU
		{5BF249AA-C959-4942-9102-A42D3D316800}.Release|Any CPU.ActiveCfg = Release|Any CPU
		{5BF249AA-C959-4942-9102-A42D3D316800}.Release|Any CPU.Build.0 = Release|Any CPU
	EndGlobalSection
	GlobalSection(SolutionProperties) = preSolution
		HideSolutionNode = FALSE
	EndGlobalSection
EndGlobal
